
Microsoft Visual Studio Solution File, Format Version 12.00
# Visual Studio 15
VisualStudioVersion = 15.0.27703.2026
MinimumVisualStudioVersion = 10.0.40219.1
Project("{2150E333-8FDC-42A3-9474-1A3956D46DE8}") = "Server", "Server", "{E8219930-7D6B-46BE-9986-D720B3088340}"
EndProject
Project("{2150E333-8FDC-42A3-9474-1A3956D46DE8}") = "Client", "Client", "{E2175837-887D-45F5-AA18-219FE52B45AA}"
EndProject
Project("{9A19103F-16F7-4668-BE54-9A1E7A4F7556}") = "MadeLine.Api", "MadeLine.Api\MadeLine.Api.csproj", "{EEADBC7F-AC4E-4CB1-8918-0B93AD7E91FE}"
EndProject
Project("{9A19103F-16F7-4668-BE54-9A1E7A4F7556}") = "MadeLine.Admin", "MadeLine.Admin\MadeLine.Admin.csproj", "{DAD9FF79-6183-4C9D-B548-A1D255833B19}"
EndProject
Project("{9A19103F-16F7-4668-BE54-9A1E7A4F7556}") = "MadeLine.Core", "MadeLine.Core\MadeLine.Core.csproj", "{6BE6CC12-9097-42F4-8DC6-28E6064A095C}"
EndProject
Project("{9A19103F-16F7-4668-BE54-9A1E7A4F7556}") = "MadeLine.Data", "MadeLine.Data\MadeLine.Data.csproj", "{F296283B-B216-4114-98B7-F2FA2D6E02E0}"
EndProject
Project("{9A19103F-16F7-4668-BE54-9A1E7A4F7556}") = "MadeLine.Extensions", "MadeLine.Extensions\MadeLine.Extensions.csproj", "{B07476B3-64E6-400D-B664-F87912B76DB1}"
EndProject
Global
	GlobalSection(SolutionConfigurationPlatforms) = preSolution
		Debug|Any CPU = Debug|Any CPU
		Release|Any CPU = Release|Any CPU
	EndGlobalSection
	GlobalSection(ProjectConfigurationPlatforms) = postSolution
		{EEADBC7F-AC4E-4CB1-8918-0B93AD7E91FE}.Debug|Any CPU.ActiveCfg = Debug|Any CPU
		{EEADBC7F-AC4E-4CB1-8918-0B93AD7E91FE}.Debug|Any CPU.Build.0 = Debug|Any CPU
		{EEADBC7F-AC4E-4CB1-8918-0B93AD7E91FE}.Release|Any CPU.ActiveCfg = Release|Any CPU
		{EEADBC7F-AC4E-4CB1-8918-0B93AD7E91FE}.Release|Any CPU.Build.0 = Release|Any CPU
		{DAD9FF79-6183-4C9D-B548-A1D255833B19}.Debug|Any CPU.ActiveCfg = Debug|Any CPU
		{DAD9FF79-6183-4C9D-B548-A1D255833B19}.Debug|Any CPU.Build.0 = Debug|Any CPU
		{DAD9FF79-6183-4C9D-B548-A1D255833B19}.Release|Any CPU.ActiveCfg = Release|Any CPU
		{DAD9FF79-6183-4C9D-B548-A1D255833B19}.Release|Any CPU.Build.0 = Release|Any CPU
		{6BE6CC12-9097-42F4-8DC6-28E6064A095C}.Debug|Any CPU.ActiveCfg = Debug|Any CPU
		{6BE6CC12-9097-42F4-8DC6-28E6064A095C}.Debug|Any CPU.Build.0 = Debug|Any CPU
		{6BE6CC12-9097-42F4-8DC6-28E6064A095C}.Release|Any CPU.ActiveCfg = Release|Any CPU
		{6BE6CC12-9097-42F4-8DC6-28E6064A095C}.Release|Any CPU.Build.0 = Release|Any CPU
		{F296283B-B216-4114-98B7-F2FA2D6E02E0}.Debug|Any CPU.ActiveCfg = Debug|Any CPU
		{F296283B-B216-4114-98B7-F2FA2D6E02E0}.Debug|Any CPU.Build.0 = Debug|Any CPU
		{F296283B-B216-4114-98B7-F2FA2D6E02E0}.Release|Any CPU.ActiveCfg = Release|Any CPU
		{F296283B-B216-4114-98B7-F2FA2D6E02E0}.Release|Any CPU.Build.0 = Release|Any CPU
		{B07476B3-64E6-400D-B664-F87912B76DB1}.Debug|Any CPU.ActiveCfg = Debug|Any CPU
		{B07476B3-64E6-400D-B664-F87912B76DB1}.Debug|Any CPU.Build.0 = Debug|Any CPU
		{B07476B3-64E6-400D-B664-F87912B76DB1}.Release|Any CPU.ActiveCfg = Release|Any CPU
		{B07476B3-64E6-400D-B664-F87912B76DB1}.Release|Any CPU.Build.0 = Release|Any CPU
	EndGlobalSection
	GlobalSection(SolutionProperties) = preSolution
		HideSolutionNode = FALSE
	EndGlobalSection
	GlobalSection(NestedProjects) = preSolution
		{EEADBC7F-AC4E-4CB1-8918-0B93AD7E91FE} = {E8219930-7D6B-46BE-9986-D720B3088340}
		{DAD9FF79-6183-4C9D-B548-A1D255833B19} = {E8219930-7D6B-46BE-9986-D720B3088340}
		{6BE6CC12-9097-42F4-8DC6-28E6064A095C} = {E8219930-7D6B-46BE-9986-D720B3088340}
		{F296283B-B216-4114-98B7-F2FA2D6E02E0} = {E8219930-7D6B-46BE-9986-D720B3088340}
		{B07476B3-64E6-400D-B664-F87912B76DB1} = {E8219930-7D6B-46BE-9986-D720B3088340}
	EndGlobalSection
	GlobalSection(ExtensibilityGlobals) = postSolution
		SolutionGuid = {23A688CC-7861-43A9-A38C-40ADA98E195B}
	EndGlobalSection
EndGlobal
